
Microsoft Visual Studio Solution File, Format Version 12.00
# Visual Studio Version 17
VisualStudioVersion = 17.5.33516.290
MinimumVisualStudioVersion = 10.0.40219.1
Project("{FAE04EC0-301F-11D3-BF4B-00C04F79EFBC}") = "Dining_Philosophers", "Dining_Philosophers.csproj", "{CCFDF979-E3DC-4675-B8A3-03AF8AA99475}"
EndProject
Global
	GlobalSection(SolutionConfigurationPlatforms) = preSolution
		Debug|Any CPU = Debug|Any CPU
		Release|Any CPU = Release|Any CPU
	EndGlobalSection
	GlobalSection(ProjectConfigurationPlatforms) = postSolution
		{CCFDF979-E3DC-4675-B8A3-03AF8AA99475}.Debug|Any CPU.ActiveCfg = Debug|Any CPU
		{CCFDF979-E3DC-4675-B8A3-03AF8AA99475}.Debug|Any CPU.Build.0 = Debug|Any CPU
		{CCFDF979-E3DC-4675-B8A3-03AF8AA99475}.Release|Any CPU.ActiveCfg = Release|Any CPU
		{CCFDF979-E3DC-4675-B8A3-03AF8AA99475}.Release|Any CPU.Build.0 = Release|Any CPU
	EndGlobalSection
	GlobalSection(SolutionProperties) = preSolution
		HideSolutionNode = FALSE
	EndGlobalSection
	GlobalSection(ExtensibilityGlobals) = postSolution
		SolutionGuid = {2EF503B7-1457-4E4C-B8A6-5C8034346734}
	EndGlobalSection
EndGlobal
